
Microsoft Visual Studio Solution File, Format Version 12.00
# Visual Studio 2013
VisualStudioVersion = 12.0.31101.0
MinimumVisualStudioVersion = 10.0.40219.1
Project("{FAE04EC0-301F-11D3-BF4B-00C04F79EFBC}") = "Hyperspec", "Hyperspec\Hyperspec.csproj", "{C54A0BC4-1B8A-4410-8F13-8AC1B13B29D2}"
EndProject
Project("{2150E333-8FDC-42A3-9474-1A3956D46DE8}") = "Tests", "Tests", "{E1BFAAF0-B7BF-40EE-8B77-D939A7662D97}"
EndProject
Project("{FAE04EC0-301F-11D3-BF4B-00C04F79EFBC}") = "Hyperspec.Tests", "Hyperspec.Tests\Hyperspec.Tests.csproj", "{E13364F0-FCB1-40A9-8511-9DF0E7CFD898}"
EndProject
Project("{FAE04EC0-301F-11D3-BF4B-00C04F79EFBC}") = "FriendsApi", "Samples\FriendsApi\FriendsApi.csproj", "{F3339064-7B7C-4FFC-844E-0349F9FC187F}"
EndProject
Project("{2150E333-8FDC-42A3-9474-1A3956D46DE8}") = "Samples", "Samples", "{CBD14121-9273-4594-8A5A-974506FE979F}"
EndProject
Project("{FAE04EC0-301F-11D3-BF4B-00C04F79EFBC}") = "Hyperspec.Nancy", "Hyperspec.Nancy\Hyperspec.Nancy.csproj", "{39D1F447-EFE4-498A-B674-67C38D64B3FB}"
EndProject
Project("{FAE04EC0-301F-11D3-BF4B-00C04F79EFBC}") = "Hyperspec.Hal", "Hyperspec.Hal\Hyperspec.Hal.csproj", "{003D61E1-B135-4175-8C0D-771C4EFAF7F4}"
EndProject
Project("{2150E333-8FDC-42A3-9474-1A3956D46DE8}") = "scripts", "scripts", "{DC7D7FA6-9E81-4B37-BA6E-AAF1A002D99E}"
	ProjectSection(SolutionItems) = preProject
		..\scripts\build.ps1 = ..\scripts\build.ps1
		..\scripts\BuildBootstrap.psm1 = ..\scripts\BuildBootstrap.psm1
		..\scripts\Default.ps1 = ..\scripts\Default.ps1
		..\scripts\packages.config = ..\scripts\packages.config
	EndProjectSection
EndProject
Project("{2150E333-8FDC-42A3-9474-1A3956D46DE8}") = "modules", "modules", "{4DFA3C89-44B2-44EF-B98E-BD222F005096}"
	ProjectSection(SolutionItems) = preProject
		..\scripts\modules\Building.psm1 = ..\scripts\modules\Building.psm1
		..\scripts\modules\JSTesting.psm1 = ..\scripts\modules\JSTesting.psm1
		..\scripts\modules\Packaging.psm1 = ..\scripts\modules\Packaging.psm1
		..\scripts\modules\Testing.psm1 = ..\scripts\modules\Testing.psm1
		..\scripts\modules\Versioning.psm1 = ..\scripts\modules\Versioning.psm1
	EndProjectSection
EndProject
Project("{FAE04EC0-301F-11D3-BF4B-00C04F79EFBC}") = "Hyperspec.WebApi", "Hyperspec.WebApi\Hyperspec.WebApi.csproj", "{EF2E8FF7-F708-4B18-9570-C3216E0CC359}"
EndProject
Project("{2150E333-8FDC-42A3-9474-1A3956D46DE8}") = "ApiBrowser", "ApiBrowser", "{ECE1A9F9-B3CE-48FF-A49C-C1973346F589}"
EndProject
Project("{FAE04EC0-301F-11D3-BF4B-00C04F79EFBC}") = "Hyperspec.ApiBrowser", "Hyperspec.ApiBrowser\Hyperspec.ApiBrowser.csproj", "{7B786907-ED39-478E-AEAF-8B4F1AF0FE87}"
EndProject
Project("{FAE04EC0-301F-11D3-BF4B-00C04F79EFBC}") = "Swapi", "Samples\Swapi\Swapi.csproj", "{77BC41CD-2299-40BA-BF35-A2126156DE90}"
EndProject
Global
	GlobalSection(SolutionConfigurationPlatforms) = preSolution
		Debug|Any CPU = Debug|Any CPU
		Release|Any CPU = Release|Any CPU
	EndGlobalSection
	GlobalSection(ProjectConfigurationPlatforms) = postSolution
		{C54A0BC4-1B8A-4410-8F13-8AC1B13B29D2}.Debug|Any CPU.ActiveCfg = Debug|Any CPU
		{C54A0BC4-1B8A-4410-8F13-8AC1B13B29D2}.Debug|Any CPU.Build.0 = Debug|Any CPU
		{C54A0BC4-1B8A-4410-8F13-8AC1B13B29D2}.Release|Any CPU.ActiveCfg = Release|Any CPU
		{C54A0BC4-1B8A-4410-8F13-8AC1B13B29D2}.Release|Any CPU.Build.0 = Release|Any CPU
		{E13364F0-FCB1-40A9-8511-9DF0E7CFD898}.Debug|Any CPU.ActiveCfg = Debug|Any CPU
		{E13364F0-FCB1-40A9-8511-9DF0E7CFD898}.Debug|Any CPU.Build.0 = Debug|Any CPU
		{E13364F0-FCB1-40A9-8511-9DF0E7CFD898}.Release|Any CPU.ActiveCfg = Release|Any CPU
		{E13364F0-FCB1-40A9-8511-9DF0E7CFD898}.Release|Any CPU.Build.0 = Release|Any CPU
		{F3339064-7B7C-4FFC-844E-0349F9FC187F}.Debug|Any CPU.ActiveCfg = Debug|Any CPU
		{F3339064-7B7C-4FFC-844E-0349F9FC187F}.Debug|Any CPU.Build.0 = Debug|Any CPU
		{F3339064-7B7C-4FFC-844E-0349F9FC187F}.Release|Any CPU.ActiveCfg = Release|Any CPU
		{F3339064-7B7C-4FFC-844E-0349F9FC187F}.Release|Any CPU.Build.0 = Release|Any CPU
		{39D1F447-EFE4-498A-B674-67C38D64B3FB}.Debug|Any CPU.ActiveCfg = Debug|Any CPU
		{39D1F447-EFE4-498A-B674-67C38D64B3FB}.Debug|Any CPU.Build.0 = Debug|Any CPU
		{39D1F447-EFE4-498A-B674-67C38D64B3FB}.Release|Any CPU.ActiveCfg = Release|Any CPU
		{39D1F447-EFE4-498A-B674-67C38D64B3FB}.Release|Any CPU.Build.0 = Release|Any CPU
		{003D61E1-B135-4175-8C0D-771C4EFAF7F4}.Debug|Any CPU.ActiveCfg = Debug|Any CPU
		{003D61E1-B135-4175-8C0D-771C4EFAF7F4}.Debug|Any CPU.Build.0 = Debug|Any CPU
		{003D61E1-B135-4175-8C0D-771C4EFAF7F4}.Release|Any CPU.ActiveCfg = Release|Any CPU
		{003D61E1-B135-4175-8C0D-771C4EFAF7F4}.Release|Any CPU.Build.0 = Release|Any CPU
		{EF2E8FF7-F708-4B18-9570-C3216E0CC359}.Debug|Any CPU.ActiveCfg = Debug|Any CPU
		{EF2E8FF7-F708-4B18-9570-C3216E0CC359}.Debug|Any CPU.Build.0 = Debug|Any CPU
		{EF2E8FF7-F708-4B18-9570-C3216E0CC359}.Release|Any CPU.ActiveCfg = Release|Any CPU
		{EF2E8FF7-F708-4B18-9570-C3216E0CC359}.Release|Any CPU.Build.0 = Release|Any CPU
		{7B786907-ED39-478E-AEAF-8B4F1AF0FE87}.Debug|Any CPU.ActiveCfg = Debug|Any CPU
		{7B786907-ED39-478E-AEAF-8B4F1AF0FE87}.Debug|Any CPU.Build.0 = Debug|Any CPU
		{7B786907-ED39-478E-AEAF-8B4F1AF0FE87}.Release|Any CPU.ActiveCfg = Release|Any CPU
		{7B786907-ED39-478E-AEAF-8B4F1AF0FE87}.Release|Any CPU.Build.0 = Release|Any CPU
		{77BC41CD-2299-40BA-BF35-A2126156DE90}.Debug|Any CPU.ActiveCfg = Debug|Any CPU
		{77BC41CD-2299-40BA-BF35-A2126156DE90}.Debug|Any CPU.Build.0 = Debug|Any CPU
		{77BC41CD-2299-40BA-BF35-A2126156DE90}.Release|Any CPU.ActiveCfg = Release|Any CPU
		{77BC41CD-2299-40BA-BF35-A2126156DE90}.Release|Any CPU.Build.0 = Release|Any CPU
	EndGlobalSection
	GlobalSection(SolutionProperties) = preSolution
		HideSolutionNode = FALSE
	EndGlobalSection
	GlobalSection(NestedProjects) = preSolution
		{E13364F0-FCB1-40A9-8511-9DF0E7CFD898} = {E1BFAAF0-B7BF-40EE-8B77-D939A7662D97}
		{F3339064-7B7C-4FFC-844E-0349F9FC187F} = {CBD14121-9273-4594-8A5A-974506FE979F}
		{4DFA3C89-44B2-44EF-B98E-BD222F005096} = {DC7D7FA6-9E81-4B37-BA6E-AAF1A002D99E}
		{7B786907-ED39-478E-AEAF-8B4F1AF0FE87} = {ECE1A9F9-B3CE-48FF-A49C-C1973346F589}
		{77BC41CD-2299-40BA-BF35-A2126156DE90} = {CBD14121-9273-4594-8A5A-974506FE979F}
	EndGlobalSection
EndGlobal
